
Microsoft Visual Studio Solution File, Format Version 12.00
# Visual Studio 15
VisualStudioVersion = 15.0.27428.2005
MinimumVisualStudioVersion = 10.0.40219.1
Project("{9A19103F-16F7-4668-BE54-9A1E7A4F7556}") = "QuestHelper.Server", "QuestHelper\QuestHelper.Server\QuestHelper.Server.csproj", "{DF7648BA-6FE6-4E0A-A921-0927D7D28239}"
EndProject
Project("{9A19103F-16F7-4668-BE54-9A1E7A4F7556}") = "QuestHelperServer.Tests", "QuestHelper\QuestHelperServer.Tests\QuestHelperServer.Tests.csproj", "{5C6AB982-4CCE-4139-9DC6-5223DE6D906A}"
EndProject
Project("{FAE04EC0-301F-11D3-BF4B-00C04F79EFBC}") = "QuestHelper.SharedModelsWS", "QuestHelper\QuestHelper.ModelsWS\QuestHelper.SharedModelsWS.csproj", "{0F5A36C7-E4D5-44B1-B896-CC0FDFDEE8DE}"
EndProject
Global
	GlobalSection(SolutionConfigurationPlatforms) = preSolution
		Ad-Hoc|Any CPU = Ad-Hoc|Any CPU
		Debug|Any CPU = Debug|Any CPU
		Release|Any CPU = Release|Any CPU
	EndGlobalSection
	GlobalSection(ProjectConfigurationPlatforms) = postSolution
		{DF7648BA-6FE6-4E0A-A921-0927D7D28239}.Ad-Hoc|Any CPU.ActiveCfg = Debug|Any CPU
		{DF7648BA-6FE6-4E0A-A921-0927D7D28239}.Ad-Hoc|Any CPU.Build.0 = Debug|Any CPU
		{DF7648BA-6FE6-4E0A-A921-0927D7D28239}.Debug|Any CPU.ActiveCfg = Debug|Any CPU
		{DF7648BA-6FE6-4E0A-A921-0927D7D28239}.Debug|Any CPU.Build.0 = Debug|Any CPU
		{DF7648BA-6FE6-4E0A-A921-0927D7D28239}.Release|Any CPU.ActiveCfg = Release|Any CPU
		{DF7648BA-6FE6-4E0A-A921-0927D7D28239}.Release|Any CPU.Build.0 = Release|Any CPU
		{5C6AB982-4CCE-4139-9DC6-5223DE6D906A}.Ad-Hoc|Any CPU.ActiveCfg = Debug|Any CPU
		{5C6AB982-4CCE-4139-9DC6-5223DE6D906A}.Ad-Hoc|Any CPU.Build.0 = Debug|Any CPU
		{5C6AB982-4CCE-4139-9DC6-5223DE6D906A}.Debug|Any CPU.ActiveCfg = Debug|Any CPU
		{5C6AB982-4CCE-4139-9DC6-5223DE6D906A}.Debug|Any CPU.Build.0 = Debug|Any CPU
		{5C6AB982-4CCE-4139-9DC6-5223DE6D906A}.Release|Any CPU.ActiveCfg = Release|Any CPU
		{5C6AB982-4CCE-4139-9DC6-5223DE6D906A}.Release|Any CPU.Build.0 = Release|Any CPU
		{0F5A36C7-E4D5-44B1-B896-CC0FDFDEE8DE}.Ad-Hoc|Any CPU.ActiveCfg = Release|Any CPU
		{0F5A36C7-E4D5-44B1-B896-CC0FDFDEE8DE}.Ad-Hoc|Any CPU.Build.0 = Release|Any CPU
		{0F5A36C7-E4D5-44B1-B896-CC0FDFDEE8DE}.Debug|Any CPU.ActiveCfg = Debug|Any CPU
		{0F5A36C7-E4D5-44B1-B896-CC0FDFDEE8DE}.Debug|Any CPU.Build.0 = Debug|Any CPU
		{0F5A36C7-E4D5-44B1-B896-CC0FDFDEE8DE}.Release|Any CPU.ActiveCfg = Release|Any CPU
		{0F5A36C7-E4D5-44B1-B896-CC0FDFDEE8DE}.Release|Any CPU.Build.0 = Release|Any CPU
	EndGlobalSection
	GlobalSection(SolutionProperties) = preSolution
		HideSolutionNode = FALSE
	EndGlobalSection
	GlobalSection(ExtensibilityGlobals) = postSolution
		SolutionGuid = {2710C360-827A-423A-A4BB-3CFAC6410D33}
	EndGlobalSection
EndGlobal
